
Microsoft Visual Studio Solution File, Format Version 12.00
# Visual Studio 15
VisualStudioVersion = 15.0.27428.2015
MinimumVisualStudioVersion = 10.0.40219.1
Project("{FAE04EC0-301F-11D3-BF4B-00C04F79EFBC}") = "SudokuSharp", "SudokuSharp\SudokuSharp.csproj", "{1DD285DA-49E0-4A7F-A781-B7D1AA697322}"
EndProject
Project("{FAE04EC0-301F-11D3-BF4B-00C04F79EFBC}") = "GameMechanics", "GameMechanics\GameMechanics.csproj", "{491474C7-C3FE-4870-A095-274B27402950}"
	ProjectSection(ProjectDependencies) = postProject
		{1DD285DA-49E0-4A7F-A781-B7D1AA697322} = {1DD285DA-49E0-4A7F-A781-B7D1AA697322}
	EndProjectSection
EndProject
Global
	GlobalSection(SolutionConfigurationPlatforms) = preSolution
		Debug|Any CPU = Debug|Any CPU
		Release|Any CPU = Release|Any CPU
	EndGlobalSection
	GlobalSection(ProjectConfigurationPlatforms) = postSolution
		{1DD285DA-49E0-4A7F-A781-B7D1AA697322}.Debug|Any CPU.ActiveCfg = Debug|Any CPU
		{1DD285DA-49E0-4A7F-A781-B7D1AA697322}.Debug|Any CPU.Build.0 = Debug|Any CPU
		{1DD285DA-49E0-4A7F-A781-B7D1AA697322}.Release|Any CPU.ActiveCfg = Release|Any CPU
		{1DD285DA-49E0-4A7F-A781-B7D1AA697322}.Release|Any CPU.Build.0 = Release|Any CPU
		{491474C7-C3FE-4870-A095-274B27402950}.Debug|Any CPU.ActiveCfg = Debug|Any CPU
		{491474C7-C3FE-4870-A095-274B27402950}.Debug|Any CPU.Build.0 = Debug|Any CPU
		{491474C7-C3FE-4870-A095-274B27402950}.Release|Any CPU.ActiveCfg = Release|Any CPU
		{491474C7-C3FE-4870-A095-274B27402950}.Release|Any CPU.Build.0 = Release|Any CPU
	EndGlobalSection
	GlobalSection(SolutionProperties) = preSolution
		HideSolutionNode = FALSE
	EndGlobalSection
	GlobalSection(ExtensibilityGlobals) = postSolution
		SolutionGuid = {539BE53B-062C-47CB-A18D-8A66C177231A}
	EndGlobalSection
EndGlobal
